// !$*UTF8*$!
{
	archiveVersion = 1;
	classes = {
	};
	objectVersion = 46;
	objects = {

/* Begin PBXBuildFile section */
		680E4A7917A240E600FE0658 /* ForgotPasswordVC.m in Sources */ = {isa = PBXBuildFile; fileRef = 680E4A7717A240E600FE0658 /* ForgotPasswordVC.m */; };
		680E4A7C17A2411B00FE0658 /* ForgotPasswordVC_iPad.xib in Resources */ = {isa = PBXBuildFile; fileRef = 680E4A7B17A2411B00FE0658 /* ForgotPasswordVC_iPad.xib */; };
		680E4A7E17A2413400FE0658 /* ForgotPassword_iPhone4.xib in Resources */ = {isa = PBXBuildFile; fileRef = 680E4A7D17A2413400FE0658 /* ForgotPassword_iPhone4.xib */; };
		680E4A8017A2414A00FE0658 /* ForgotPassword_iPhone5.xib in Resources */ = {isa = PBXBuildFile; fileRef = 680E4A7F17A2414A00FE0658 /* ForgotPassword_iPhone5.xib */; };
		680E4A8417A246AF00FE0658 /* checkbox.png in Resources */ = {isa = PBXBuildFile; fileRef = 680E4A8217A246AF00FE0658 /* checkbox.png */; };
		680E4A8517A246AF00FE0658 /* chk_checked.png in Resources */ = {isa = PBXBuildFile; fileRef = 680E4A8317A246AF00FE0658 /* chk_checked.png */; };
		686CCD7017A10D3700AF8081 /* UIKit.framework in Frameworks */ = {isa = PBXBuildFile; fileRef = 686CCD6F17A10D3700AF8081 /* UIKit.framework */; };
		686CCD7217A10D3700AF8081 /* Foundation.framework in Frameworks */ = {isa = PBXBuildFile; fileRef = 686CCD7117A10D3700AF8081 /* Foundation.framework */; };
		686CCD7417A10D3700AF8081 /* CoreGraphics.framework in Frameworks */ = {isa = PBXBuildFile; fileRef = 686CCD7317A10D3700AF8081 /* CoreGraphics.framework */; };
		686CCD7A17A10D3700AF8081 /* InfoPlist.strings in Resources */ = {isa = PBXBuildFile; fileRef = 686CCD7817A10D3700AF8081 /* InfoPlist.strings */; };
		686CCD7C17A10D3700AF8081 /* main.m in Sources */ = {isa = PBXBuildFile; fileRef = 686CCD7B17A10D3700AF8081 /* main.m */; };
		686CCD8017A10D3700AF8081 /* AppDelegate.m in Sources */ = {isa = PBXBuildFile; fileRef = 686CCD7F17A10D3700AF8081 /* AppDelegate.m */; };
		686CCD8217A10D3700AF8081 /* Default.png in Resources */ = {isa = PBXBuildFile; fileRef = 686CCD8117A10D3700AF8081 /* Default.png */; };
		686CCD8417A10D3700AF8081 /* Default@2x.png in Resources */ = {isa = PBXBuildFile; fileRef = 686CCD8317A10D3700AF8081 /* Default@2x.png */; };
		686CCD8617A10D3700AF8081 /* Default-568h@2x.png in Resources */ = {isa = PBXBuildFile; fileRef = 686CCD8517A10D3700AF8081 /* Default-568h@2x.png */; };
		686CCD9817A10D5500AF8081 /* LoginVC.m in Sources */ = {isa = PBXBuildFile; fileRef = 686CCD9617A10D5500AF8081 /* LoginVC.m */; };
		686CCD9C17A10E0500AF8081 /* LoginVC_iphone5.xib in Resources */ = {isa = PBXBuildFile; fileRef = 686CCD9B17A10E0500AF8081 /* LoginVC_iphone5.xib */; };
		686CCD9E17A10E1500AF8081 /* LoginVC_iphone4.xib in Resources */ = {isa = PBXBuildFile; fileRef = 686CCD9D17A10E1500AF8081 /* LoginVC_iphone4.xib */; };
		686CCDA017A10E2800AF8081 /* LoginVC_iPad.xib in Resources */ = {isa = PBXBuildFile; fileRef = 686CCD9F17A10E2800AF8081 /* LoginVC_iPad.xib */; };
		686CCDA417A1109A00AF8081 /* DashBoardVC.m in Sources */ = {isa = PBXBuildFile; fileRef = 686CCDA217A1109A00AF8081 /* DashBoardVC.m */; };
		686CCDA717A110D500AF8081 /* DashBoardVC_iPad.xib in Resources */ = {isa = PBXBuildFile; fileRef = 686CCDA617A110D500AF8081 /* DashBoardVC_iPad.xib */; };
		686CCDA917A110F600AF8081 /* DashBoardVC_iPhone4.xib in Resources */ = {isa = PBXBuildFile; fileRef = 686CCDA817A110F600AF8081 /* DashBoardVC_iPhone4.xib */; };
		686CCDAB17A1110A00AF8081 /* DashBoardVC_iPhone5.xib in Resources */ = {isa = PBXBuildFile; fileRef = 686CCDAA17A1110A00AF8081 /* DashBoardVC_iPhone5.xib */; };
		686CCDAF17A117C300AF8081 /* RegisterVC.m in Sources */ = {isa = PBXBuildFile; fileRef = 686CCDAD17A117C300AF8081 /* RegisterVC.m */; };
		686CCDB417A117EF00AF8081 /* RegisterVC_iPhone4.xib in Resources */ = {isa = PBXBuildFile; fileRef = 686CCDB317A117EE00AF8081 /* RegisterVC_iPhone4.xib */; };
		686CCDB617A1180200AF8081 /* RegisterVC_iPhone5.xib in Resources */ = {isa = PBXBuildFile; fileRef = 686CCDB517A1180200AF8081 /* RegisterVC_iPhone5.xib */; };
		686CCDB817A1181600AF8081 /* RegisterVC_iPad.xib in Resources */ = {isa = PBXBuildFile; fileRef = 686CCDB717A1181600AF8081 /* RegisterVC_iPad.xib */; };
		686CCDBA17A1212400AF8081 /* Data.plist in Resources */ = {isa = PBXBuildFile; fileRef = 686CCDB917A1212400AF8081 /* Data.plist */; };
/* End PBXBuildFile section */

/* Begin PBXFileReference section */
		680E4A7517A23BDF00FE0658 /* Defines.h */ = {isa = PBXFileReference; lastKnownFileType = sourcecode.c.h; path = Defines.h; sourceTree = "<group>"; };
		680E4A7617A240E600FE0658 /* ForgotPasswordVC.h */ = {isa = PBXFileReference; fileEncoding = 4; lastKnownFileType = sourcecode.c.h; path = ForgotPasswordVC.h; sourceTree = "<group>"; };
		680E4A7717A240E600FE0658 /* ForgotPasswordVC.m */ = {isa = PBXFileReference; fileEncoding = 4; lastKnownFileType = sourcecode.c.objc; path = ForgotPasswordVC.m; sourceTree = "<group>"; };
		680E4A7B17A2411B00FE0658 /* ForgotPasswordVC_iPad.xib */ = {isa = PBXFileReference; fileEncoding = 4; lastKnownFileType = file.xib; path = ForgotPasswordVC_iPad.xib; sourceTree = "<group>"; };
		680E4A7D17A2413400FE0658 /* ForgotPassword_iPhone4.xib */ = {isa = PBXFileReference; fileEncoding = 4; lastKnownFileType = file.xib; path = ForgotPassword_iPhone4.xib; sourceTree = "<group>"; };
		680E4A7F17A2414A00FE0658 /* ForgotPassword_iPhone5.xib */ = {isa = PBXFileReference; fileEncoding = 4; lastKnownFileType = file.xib; path = ForgotPassword_iPhone5.xib; sourceTree = "<group>"; };
		680E4A8217A246AF00FE0658 /* checkbox.png */ = {isa = PBXFileReference; lastKnownFileType = image.png; path = checkbox.png; sourceTree = "<group>"; };
		680E4A8317A246AF00FE0658 /* chk_checked.png */ = {isa = PBXFileReference; lastKnownFileType = image.png; path = chk_checked.png; sourceTree = "<group>"; };
		686CCD6C17A10D3700AF8081 /* LoginModule.app */ = {isa = PBXFileReference; explicitFileType = wrapper.application; includeInIndex = 0; path = LoginModule.app; sourceTree = BUILT_PRODUCTS_DIR; };
		686CCD6F17A10D3700AF8081 /* UIKit.framework */ = {isa = PBXFileReference; lastKnownFileType = wrapper.framework; name = UIKit.framework; path = System/Library/Frameworks/UIKit.framework; sourceTree = SDKROOT; };
		686CCD7117A10D3700AF8081 /* Foundation.framework */ = {isa = PBXFileReference; lastKnownFileType = wrapper.framework; name = Foundation.framework; path = System/Library/Frameworks/Foundation.framework; sourceTree = SDKROOT; };
		686CCD7317A10D3700AF8081 /* CoreGraphics.framework */ = {isa = PBXFileReference; lastKnownFileType = wrapper.framework; name = CoreGraphics.framework; path = System/Library/Frameworks/CoreGraphics.framework; sourceTree = SDKROOT; };
		686CCD7717A10D3700AF8081 /* LoginModule-Info.plist */ = {isa = PBXFileReference; lastKnownFileType = text.plist.xml; path = "LoginModule-Info.plist"; sourceTree = "<group>"; };
		686CCD7917A10D3700AF8081 /* en */ = {isa = PBXFileReference; lastKnownFileType = text.plist.strings; name = en; path = en.lproj/InfoPlist.strings; sourceTree = "<group>"; };
		686CCD7B17A10D3700AF8081 /* main.m */ = {isa = PBXFileReference; lastKnownFileType = sourcecode.c.objc; path = main.m; sourceTree = "<group>"; };
		686CCD7D17A10D3700AF8081 /* LoginModule-Prefix.pch */ = {isa = PBXFileReference; lastKnownFileType = sourcecode.c.h; path = "LoginModule-Prefix.pch"; sourceTree = "<group>"; };
		686CCD7E17A10D3700AF8081 /* AppDelegate.h */ = {isa = PBXFileReference; lastKnownFileType = sourcecode.c.h; path = AppDelegate.h; sourceTree = "<group>"; };
		686CCD7F17A10D3700AF8081 /* AppDelegate.m */ = {isa = PBXFileReference; lastKnownFileType = sourcecode.c.objc; path = AppDelegate.m; sourceTree = "<group>"; };
		686CCD8117A10D3700AF8081 /* Default.png */ = {isa = PBXFileReference; lastKnownFileType = image.png; path = Default.png; sourceTree = "<group>"; };
		686CCD8317A10D3700AF8081 /* Default@2x.png */ = {isa = PBXFileReference; lastKnownFileType = image.png; path = "Default@2x.png"; sourceTree = "<group>"; };
		686CCD8517A10D3700AF8081 /* Default-568h@2x.png */ = {isa = PBXFileReference; lastKnownFileType = image.png; path = "Default-568h@2x.png"; sourceTree = "<group>"; };
		686CCD9517A10D5500AF8081 /* LoginVC.h */ = {isa = PBXFileReference; fileEncoding = 4; lastKnownFileType = sourcecode.c.h; path = LoginVC.h; sourceTree = "<group>"; };
		686CCD9617A10D5500AF8081 /* LoginVC.m */ = {isa = PBXFileReference; fileEncoding = 4; lastKnownFileType = sourcecode.c.objc; path = LoginVC.m; sourceTree = "<group>"; };
		686CCD9B17A10E0500AF8081 /* LoginVC_iphone5.xib */ = {isa = PBXFileReference; fileEncoding = 4; lastKnownFileType = file.xib; path = LoginVC_iphone5.xib; sourceTree = "<group>"; };
		686CCD9D17A10E1500AF8081 /* LoginVC_iphone4.xib */ = {isa = PBXFileReference; fileEncoding = 4; lastKnownFileType = file.xib; path = LoginVC_iphone4.xib; sourceTree = "<group>"; };
		686CCD9F17A10E2800AF8081 /* LoginVC_iPad.xib */ = {isa = PBXFileReference; fileEncoding = 4; lastKnownFileType = file.xib; path = LoginVC_iPad.xib; sourceTree = "<group>"; };
		686CCDA117A1109A00AF8081 /* DashBoardVC.h */ = {isa = PBXFileReference; fileEncoding = 4; lastKnownFileType = sourcecode.c.h; path = DashBoardVC.h; sourceTree = "<group>"; };
		686CCDA217A1109A00AF8081 /* DashBoardVC.m */ = {isa = PBXFileReference; fileEncoding = 4; lastKnownFileType = sourcecode.c.objc; path = DashBoardVC.m; sourceTree = "<group>"; };
		686CCDA617A110D500AF8081 /* DashBoardVC_iPad.xib */ = {isa = PBXFileReference; fileEncoding = 4; lastKnownFileType = file.xib; path = DashBoardVC_iPad.xib; sourceTree = "<group>"; };
		686CCDA817A110F600AF8081 /* DashBoardVC_iPhone4.xib */ = {isa = PBXFileReference; fileEncoding = 4; lastKnownFileType = file.xib; path = DashBoardVC_iPhone4.xib; sourceTree = "<group>"; };
		686CCDAA17A1110A00AF8081 /* DashBoardVC_iPhone5.xib */ = {isa = PBXFileReference; fileEncoding = 4; lastKnownFileType = file.xib; path = DashBoardVC_iPhone5.xib; sourceTree = "<group>"; };
		686CCDAC17A117C200AF8081 /* RegisterVC.h */ = {isa = PBXFileReference; fileEncoding = 4; lastKnownFileType = sourcecode.c.h; path = RegisterVC.h; sourceTree = "<group>"; };
		686CCDAD17A117C300AF8081 /* RegisterVC.m */ = {isa = PBXFileReference; fileEncoding = 4; lastKnownFileType = sourcecode.c.objc; path = RegisterVC.m; sourceTree = "<group>"; };
		686CCDB317A117EE00AF8081 /* RegisterVC_iPhone4.xib */ = {isa = PBXFileReference; fileEncoding = 4; lastKnownFileType = file.xib; path = RegisterVC_iPhone4.xib; sourceTree = "<group>"; };
		686CCDB517A1180200AF8081 /* RegisterVC_iPhone5.xib */ = {isa = PBXFileReference; fileEncoding = 4; lastKnownFileType = file.xib; path = RegisterVC_iPhone5.xib; sourceTree = "<group>"; };
		686CCDB717A1181600AF8081 /* RegisterVC_iPad.xib */ = {isa = PBXFileReference; fileEncoding = 4; lastKnownFileType = file.xib; path = RegisterVC_iPad.xib; sourceTree = "<group>"; };
		686CCDB917A1212400AF8081 /* Data.plist */ = {isa = PBXFileReference; fileEncoding = 4; lastKnownFileType = text.plist.xml; path = Data.plist; sourceTree = "<group>"; };
/* End PBXFileReference section */

/* Begin PBXFrameworksBuildPhase section */
		686CCD6917A10D3700AF8081 /* Frameworks */ = {
			isa = PBXFrameworksBuildPhase;
			buildActionMask = 2147483647;
			files = (
				686CCD7017A10D3700AF8081 /* UIKit.framework in Frameworks */,
				686CCD7217A10D3700AF8081 /* Foundation.framework in Frameworks */,
				686CCD7417A10D3700AF8081 /* CoreGraphics.framework in Frameworks */,
			);
			runOnlyForDeploymentPostprocessing = 0;
		};
/* End PBXFrameworksBuildPhase section */

/* Begin PBXGroup section */
		680E4A7417A23BB300FE0658 /* UtilsAndDefines */ = {
			isa = PBXGroup;
			children = (
				680E4A7517A23BDF00FE0658 /* Defines.h */,
			);
			path = UtilsAndDefines;
			sourceTree = "<group>";
		};
		680E4A8117A246AF00FE0658 /* Images */ = {
			isa = PBXGroup;
			children = (
				680E4A8217A246AF00FE0658 /* checkbox.png */,
				680E4A8317A246AF00FE0658 /* chk_checked.png */,
			);
			path = Images;
			sourceTree = "<group>";
		};
		686CCD6317A10D3700AF8081 = {
			isa = PBXGroup;
			children = (
				686CCD7517A10D3700AF8081 /* LoginModule */,
				686CCD6E17A10D3700AF8081 /* Frameworks */,
				686CCD6D17A10D3700AF8081 /* Products */,
			);
			sourceTree = "<group>";
		};
		686CCD6D17A10D3700AF8081 /* Products */ = {
			isa = PBXGroup;
			children = (
				686CCD6C17A10D3700AF8081 /* LoginModule.app */,
			);
			name = Products;
			sourceTree = "<group>";
		};
		686CCD6E17A10D3700AF8081 /* Frameworks */ = {
			isa = PBXGroup;
			children = (
				686CCD6F17A10D3700AF8081 /* UIKit.framework */,
				686CCD7117A10D3700AF8081 /* Foundation.framework */,
				686CCD7317A10D3700AF8081 /* CoreGraphics.framework */,
			);
			name = Frameworks;
			sourceTree = "<group>";
		};
		686CCD7517A10D3700AF8081 /* LoginModule */ = {
			isa = PBXGroup;
			children = (
				680E4A8117A246AF00FE0658 /* Images */,
				680E4A7417A23BB300FE0658 /* UtilsAndDefines */,
				686CCD9A17A10D6B00AF8081 /* Resources */,
				686CCD7E17A10D3700AF8081 /* AppDelegate.h */,
				686CCD7F17A10D3700AF8081 /* AppDelegate.m */,
				686CCD9517A10D5500AF8081 /* LoginVC.h */,
				686CCD9617A10D5500AF8081 /* LoginVC.m */,
				686CCDA117A1109A00AF8081 /* DashBoardVC.h */,
				686CCDA217A1109A00AF8081 /* DashBoardVC.m */,
				686CCDAC17A117C200AF8081 /* RegisterVC.h */,
				686CCDAD17A117C300AF8081 /* RegisterVC.m */,
				680E4A7617A240E600FE0658 /* ForgotPasswordVC.h */,
				680E4A7717A240E600FE0658 /* ForgotPasswordVC.m */,
				686CCD7617A10D3700AF8081 /* Supporting Files */,
			);
			path = LoginModule;
			sourceTree = "<group>";
		};
		686CCD7617A10D3700AF8081 /* Supporting Files */ = {
			isa = PBXGroup;
			children = (
				686CCD7717A10D3700AF8081 /* LoginModule-Info.plist */,
				686CCD7817A10D3700AF8081 /* InfoPlist.strings */,
				686CCD7B17A10D3700AF8081 /* main.m */,
				686CCD7D17A10D3700AF8081 /* LoginModule-Prefix.pch */,
				686CCD8117A10D3700AF8081 /* Default.png */,
				686CCD8317A10D3700AF8081 /* Default@2x.png */,
				686CCD8517A10D3700AF8081 /* Default-568h@2x.png */,
				686CCDB917A1212400AF8081 /* Data.plist */,
			);
			name = "Supporting Files";
			sourceTree = "<group>";
		};
		686CCD9A17A10D6B00AF8081 /* Resources */ = {
			isa = PBXGroup;
			children = (
				686CCD9B17A10E0500AF8081 /* LoginVC_iphone5.xib */,
				686CCD9D17A10E1500AF8081 /* LoginVC_iphone4.xib */,
				686CCD9F17A10E2800AF8081 /* LoginVC_iPad.xib */,
				686CCDA617A110D500AF8081 /* DashBoardVC_iPad.xib */,
				686CCDA817A110F600AF8081 /* DashBoardVC_iPhone4.xib */,
				686CCDAA17A1110A00AF8081 /* DashBoardVC_iPhone5.xib */,
				686CCDB317A117EE00AF8081 /* RegisterVC_iPhone4.xib */,
				686CCDB517A1180200AF8081 /* RegisterVC_iPhone5.xib */,
				686CCDB717A1181600AF8081 /* RegisterVC_iPad.xib */,
				680E4A7B17A2411B00FE0658 /* ForgotPasswordVC_iPad.xib */,
				680E4A7D17A2413400FE0658 /* ForgotPassword_iPhone4.xib */,
				680E4A7F17A2414A00FE0658 /* ForgotPassword_iPhone5.xib */,
			);
			name = Resources;
			sourceTree = "<group>";
		};
/* End PBXGroup section */

/* Begin PBXNativeTarget section */
		686CCD6B17A10D3700AF8081 /* LoginModule */ = {
			isa = PBXNativeTarget;
			buildConfigurationList = 686CCD9217A10D3700AF8081 /* Build configuration list for PBXNativeTarget "LoginModule" */;
			buildPhases = (
				686CCD6817A10D3700AF8081 /* Sources */,
				686CCD6917A10D3700AF8081 /* Frameworks */,
				686CCD6A17A10D3700AF8081 /* Resources */,
			);
			buildRules = (
			);
			dependencies = (
			);
			name = LoginModule;
			productName = LoginModule;
			productReference = 686CCD6C17A10D3700AF8081 /* LoginModule.app */;
			productType = "com.apple.product-type.application";
		};
/* End PBXNativeTarget section */

/* Begin PBXProject section */
		686CCD6417A10D3700AF8081 /* Project object */ = {
			isa = PBXProject;
			attributes = {
				LastUpgradeCheck = 0460;
				ORGANIZATIONNAME = "Magnon International";
			};
			buildConfigurationList = 686CCD6717A10D3700AF8081 /* Build configuration list for PBXProject "LoginModule" */;
			compatibilityVersion = "Xcode 3.2";
			developmentRegion = English;
			hasScannedForEncodings = 0;
			knownRegions = (
				en,
			);
			mainGroup = 686CCD6317A10D3700AF8081;
			productRefGroup = 686CCD6D17A10D3700AF8081 /* Products */;
			projectDirPath = "";
			projectRoot = "";
			targets = (
				686CCD6B17A10D3700AF8081 /* LoginModule */,
			);
		};
/* End PBXProject section */

/* Begin PBXResourcesBuildPhase section */
		686CCD6A17A10D3700AF8081 /* Resources */ = {
			isa = PBXResourcesBuildPhase;
			buildActionMask = 2147483647;
			files = (
				686CCD7A17A10D3700AF8081 /* InfoPlist.strings in Resources */,
				686CCD8217A10D3700AF8081 /* Default.png in Resources */,
				686CCD8417A10D3700AF8081 /* Default@2x.png in Resources */,
				686CCD8617A10D3700AF8081 /* Default-568h@2x.png in Resources */,
				686CCD9C17A10E0500AF8081 /* LoginVC_iphone5.xib in Resources */,
				686CCD9E17A10E1500AF8081 /* LoginVC_iphone4.xib in Resources */,
				686CCDA017A10E2800AF8081 /* LoginVC_iPad.xib in Resources */,
				686CCDA717A110D500AF8081 /* DashBoardVC_iPad.xib in Resources */,
				686CCDA917A110F600AF8081 /* DashBoardVC_iPhone4.xib in Resources */,
				686CCDAB17A1110A00AF8081 /* DashBoardVC_iPhone5.xib in Resources */,
				686CCDB417A117EF00AF8081 /* RegisterVC_iPhone4.xib in Resources */,
				686CCDB617A1180200AF8081 /* RegisterVC_iPhone5.xib in Resources */,
				686CCDB817A1181600AF8081 /* RegisterVC_iPad.xib in Resources */,
				686CCDBA17A1212400AF8081 /* Data.plist in Resources */,
				680E4A7C17A2411B00FE0658 /* ForgotPasswordVC_iPad.xib in Resources */,
				680E4A7E17A2413400FE0658 /* ForgotPassword_iPhone4.xib in Resources */,
				680E4A8017A2414A00FE0658 /* ForgotPassword_iPhone5.xib in Resources */,
				680E4A8417A246AF00FE0658 /* checkbox.png in Resources */,
				680E4A8517A246AF00FE0658 /* chk_checked.png in Resources */,
			);
			runOnlyForDeploymentPostprocessing = 0;
		};
/* End PBXResourcesBuildPhase section */

/* Begin PBXSourcesBuildPhase section */
		686CCD6817A10D3700AF8081 /* Sources */ = {
			isa = PBXSourcesBuildPhase;
			buildActionMask = 2147483647;
			files = (
				686CCD7C17A10D3700AF8081 /* main.m in Sources */,
				686CCD8017A10D3700AF8081 /* AppDelegate.m in Sources */,
				686CCD9817A10D5500AF8081 /* LoginVC.m in Sources */,
				686CCDA417A1109A00AF8081 /* DashBoardVC.m in Sources */,
				686CCDAF17A117C300AF8081 /* RegisterVC.m in Sources */,
				680E4A7917A240E600FE0658 /* ForgotPasswordVC.m in Sources */,
			);
			runOnlyForDeploymentPostprocessing = 0;
		};
/* End PBXSourcesBuildPhase section */

/* Begin PBXVariantGroup section */
		686CCD7817A10D3700AF8081 /* InfoPlist.strings */ = {
			isa = PBXVariantGroup;
			children = (
				686CCD7917A10D3700AF8081 /* en */,
			);
			name = InfoPlist.strings;
			sourceTree = "<group>";
		};
/* End PBXVariantGroup section */

/* Begin XCBuildConfiguration section */
		686CCD9017A10D3700AF8081 /* Debug */ = {
			isa = XCBuildConfiguration;
			buildSettings = {
				ALWAYS_SEARCH_USER_PATHS = NO;
				CLANG_CXX_LANGUAGE_STANDARD = "gnu++0x";
				CLANG_CXX_LIBRARY = "libc++";
				CLANG_WARN_CONSTANT_CONVERSION = YES;
				CLANG_WARN_EMPTY_BODY = YES;
				CLANG_WARN_ENUM_CONVERSION = YES;
				CLANG_WARN_INT_CONVERSION = YES;
				CLANG_WARN__DUPLICATE_METHOD_MATCH = YES;
				"CODE_SIGN_IDENTITY[sdk=iphoneos*]" = "iPhone Developer";
				COPY_PHASE_STRIP = NO;
				GCC_C_LANGUAGE_STANDARD = gnu99;
				GCC_DYNAMIC_NO_PIC = NO;
				GCC_OPTIMIZATION_LEVEL = 0;
				GCC_PREPROCESSOR_DEFINITIONS = (
					"DEBUG=1",
					"$(inherited)",
				);
				GCC_SYMBOLS_PRIVATE_EXTERN = NO;
				GCC_WARN_ABOUT_RETURN_TYPE = YES;
				GCC_WARN_UNINITIALIZED_AUTOS = YES;
				GCC_WARN_UNUSED_VARIABLE = YES;
				IPHONEOS_DEPLOYMENT_TARGET = 6.1;
				ONLY_ACTIVE_ARCH = YES;
				SDKROOT = iphoneos;
				TARGETED_DEVICE_FAMILY = "1,2";
			};
			name = Debug;
		};
		686CCD9117A10D3700AF8081 /* Release */ = {
			isa = XCBuildConfiguration;
			buildSettings = {
				ALWAYS_SEARCH_USER_PATHS = NO;
				CLANG_CXX_LANGUAGE_STANDARD = "gnu++0x";
				CLANG_CXX_LIBRARY = "libc++";
				CLANG_WARN_CONSTANT_CONVERSION = YES;
				CLANG_WARN_EMPTY_BODY = YES;
				CLANG_WARN_ENUM_CONVERSION = YES;
				CLANG_WARN_INT_CONVERSION = YES;
				CLANG_WARN__DUPLICATE_METHOD_MATCH = YES;
				"CODE_SIGN_IDENTITY[sdk=iphoneos*]" = "iPhone Developer";
				COPY_PHASE_STRIP = YES;
				GCC_C_LANGUAGE_STANDARD = gnu99;
				GCC_WARN_ABOUT_RETURN_TYPE = YES;
				GCC_WARN_UNINITIALIZED_AUTOS = YES;
				GCC_WARN_UNUSED_VARIABLE = YES;
				IPHONEOS_DEPLOYMENT_TARGET = 6.1;
				OTHER_CFLAGS = "-DNS_BLOCK_ASSERTIONS=1";
				SDKROOT = iphoneos;
				TARGETED_DEVICE_FAMILY = "1,2";
				VALIDATE_PRODUCT = YES;
			};
			name = Release;
		};
		686CCD9317A10D3700AF8081 /* Debug */ = {
			isa = XCBuildConfiguration;
			buildSettings = {
				GCC_PRECOMPILE_PREFIX_HEADER = YES;
				GCC_PREFIX_HEADER = "LoginModule/LoginModule-Prefix.pch";
				INFOPLIST_FILE = "LoginModule/LoginModule-Info.plist";
				PRODUCT_NAME = "$(TARGET_NAME)";
				WRAPPER_EXTENSION = app;
			};
			name = Debug;
		};
		686CCD9417A10D3700AF8081 /* Release */ = {
			isa = XCBuildConfiguration;
			buildSettings = {
				GCC_PRECOMPILE_PREFIX_HEADER = YES;
				GCC_PREFIX_HEADER = "LoginModule/LoginModule-Prefix.pch";
				INFOPLIST_FILE = "LoginModule/LoginModule-Info.plist";
				PRODUCT_NAME = "$(TARGET_NAME)";
				WRAPPER_EXTENSION = app;
			};
			name = Release;
		};
/* End XCBuildConfiguration section */

/* Begin XCConfigurationList section */
		686CCD6717A10D3700AF8081 /* Build configuration list for PBXProject "LoginModule" */ = {
			isa = XCConfigurationList;
			buildConfigurations = (
				686CCD9017A10D3700AF8081 /* Debug */,
				686CCD9117A10D3700AF8081 /* Release */,
			);
			defaultConfigurationIsVisible = 0;
			defaultConfigurationName = Release;
		};
		686CCD9217A10D3700AF8081 /* Build configuration list for PBXNativeTarget "LoginModule" */ = {
			isa = XCConfigurationList;
			buildConfigurations = (
				686CCD9317A10D3700AF8081 /* Debug */,
				686CCD9417A10D3700AF8081 /* Release */,
			);
			defaultConfigurationIsVisible = 0;
			defaultConfigurationName = Release;
		};
/* End XCConfigurationList section */
	};
	rootObject = 686CCD6417A10D3700AF8081 /* Project object */;
}
